
Microsoft Visual Studio Solution File, Format Version 12.00
Project("{FAE04EC0-301F-11D3-BF4B-00C04F79EFBC}") = "Laboratorna_6_3_REC", "Laboratorna_6_3_REC\Laboratorna_6_3_REC.csproj", "{C850E99B-E2EB-49B3-BFE6-1BEC95AA6EE6}"
EndProject
Project("{FAE04EC0-301F-11D3-BF4B-00C04F79EFBC}") = "Laboratorna_6_3_REC.Tests", "Laboratorna_6_3_REC.Tests\Laboratorna_6_3_REC.Tests.csproj", "{EFDD40DC-54CA-4302-98B8-4DF2C4C7155A}"
EndProject
Global
	GlobalSection(SolutionConfigurationPlatforms) = preSolution
		Debug|Any CPU = Debug|Any CPU
		Release|Any CPU = Release|Any CPU
	EndGlobalSection
	GlobalSection(ProjectConfigurationPlatforms) = postSolution
		{C850E99B-E2EB-49B3-BFE6-1BEC95AA6EE6}.Debug|Any CPU.ActiveCfg = Debug|Any CPU
		{C850E99B-E2EB-49B3-BFE6-1BEC95AA6EE6}.Debug|Any CPU.Build.0 = Debug|Any CPU
		{C850E99B-E2EB-49B3-BFE6-1BEC95AA6EE6}.Release|Any CPU.ActiveCfg = Release|Any CPU
		{C850E99B-E2EB-49B3-BFE6-1BEC95AA6EE6}.Release|Any CPU.Build.0 = Release|Any CPU
		{EFDD40DC-54CA-4302-98B8-4DF2C4C7155A}.Debug|Any CPU.ActiveCfg = Debug|Any CPU
		{EFDD40DC-54CA-4302-98B8-4DF2C4C7155A}.Debug|Any CPU.Build.0 = Debug|Any CPU
		{EFDD40DC-54CA-4302-98B8-4DF2C4C7155A}.Release|Any CPU.ActiveCfg = Release|Any CPU
		{EFDD40DC-54CA-4302-98B8-4DF2C4C7155A}.Release|Any CPU.Build.0 = Release|Any CPU
	EndGlobalSection
EndGlobal
